
Microsoft Visual Studio Solution File, Format Version 12.00
Project("{FAE04EC0-301F-11D3-BF4B-00C04F79EFBC}") = "DragonFruit.OnionFruit.Deploy", "DragonFruit.OnionFruit.Deploy.csproj", "{59C3C2F5-2250-43E4-809A-C3E9C921E052}"
EndProject
Global
	GlobalSection(SolutionConfigurationPlatforms) = preSolution
		Debug|Any CPU = Debug|Any CPU
		Release|Any CPU = Release|Any CPU
	EndGlobalSection
	GlobalSection(ProjectConfigurationPlatforms) = postSolution
		{59C3C2F5-2250-43E4-809A-C3E9C921E052}.Debug|Any CPU.ActiveCfg = Debug|Any CPU
		{59C3C2F5-2250-43E4-809A-C3E9C921E052}.Debug|Any CPU.Build.0 = Debug|Any CPU
		{59C3C2F5-2250-43E4-809A-C3E9C921E052}.Release|Any CPU.ActiveCfg = Release|Any CPU
		{59C3C2F5-2250-43E4-809A-C3E9C921E052}.Release|Any CPU.Build.0 = Release|Any CPU
	EndGlobalSection
EndGlobal
